
Microsoft Visual Studio Solution File, Format Version 12.00
# Visual Studio Version 16
VisualStudioVersion = 16.0.30320.27
MinimumVisualStudioVersion = 10.0.40219.1
Project("{9A19103F-16F7-4668-BE54-9A1E7A4F7556}") = "ConsoleApp1", "ConsoleApp1\ConsoleApp1.csproj", "{E9069696-383A-4CFD-8A13-18A3B67653E1}"
EndProject
Project("{2150E333-8FDC-42A3-9474-1A3956D46DE8}") = "Lecture1 - BASIC SYNTAX, CONDITIONAL STATEMENTS AND LOOPS", "Lecture1 - BASIC SYNTAX, CONDITIONAL STATEMENTS AND LOOPS", "{42D6BA6B-E0A4-4718-8AB4-2239CB3E92EC}"
EndProject
Project("{9A19103F-16F7-4668-BE54-9A1E7A4F7556}") = "01.StudentInformation", "01.Student Information\01.StudentInformation.csproj", "{D1D03A7F-DB7C-4713-9804-4E37BAB15839}"
EndProject
Project("{9A19103F-16F7-4668-BE54-9A1E7A4F7556}") = "02.Passed", "02.Passed\02.Passed.csproj", "{2E584CF9-8AAD-4490-8A3B-C63E11FBF5F1}"
EndProject
Project("{9A19103F-16F7-4668-BE54-9A1E7A4F7556}") = "03.PassedOrFailed", "03.PassedOrFailed\03.PassedOrFailed.csproj", "{638527F8-B7E7-4D9C-A804-9256F103F793}"
EndProject
Project("{9A19103F-16F7-4668-BE54-9A1E7A4F7556}") = "04.BackIn30Minutes", "04.BackIn30Minutes\04.BackIn30Minutes.csproj", "{A4EF2697-8CE1-4603-8231-C0DB04E0D655}"
EndProject
Project("{9A19103F-16F7-4668-BE54-9A1E7A4F7556}") = "05.MonthPrinter", "05.MonthPrinter\05.MonthPrinter.csproj", "{31C0AB03-EF41-4BCD-AD0C-24A07567BB32}"
EndProject
Project("{9A19103F-16F7-4668-BE54-9A1E7A4F7556}") = "06.ForeignLanguages", "06.ForeignLanguages\06.ForeignLanguages.csproj", "{3DCD8FC3-6B6B-4993-9512-F337365424FA}"
EndProject
Project("{9A19103F-16F7-4668-BE54-9A1E7A4F7556}") = "07.TheaterPromotion", "07.TheaterPromotion\07.TheaterPromotion.csproj", "{D93F6518-963D-4BFD-968A-C80420EBE832}"
EndProject
Project("{9A19103F-16F7-4668-BE54-9A1E7A4F7556}") = "08.DivisibleByThree", "08.DivisibleByThree\08.DivisibleByThree.csproj", "{E9780CC0-B031-4F6C-B571-DFB34D64F794}"
EndProject
Project("{9A19103F-16F7-4668-BE54-9A1E7A4F7556}") = "09.SumOfOddNumbers", "09.SumOfOddNumbers\09.SumOfOddNumbers.csproj", "{29E07BBC-116E-41EE-B22A-4E1CC53501BD}"
EndProject
Project("{9A19103F-16F7-4668-BE54-9A1E7A4F7556}") = "10.MultiplicationTable", "10.MultiplicationTable\10.MultiplicationTable.csproj", "{DF5C8DA4-F2B4-4334-97AC-E0B2AA3CFAB0}"
EndProject
Project("{9A19103F-16F7-4668-BE54-9A1E7A4F7556}") = "11.MultiplicationTableTwoPointOh", "11.MultiplicationTableTwoPointOh\11.MultiplicationTableTwoPointOh.csproj", "{5472769C-E9A2-4B6E-BB27-B2C8E3389651}"
EndProject
Project("{9A19103F-16F7-4668-BE54-9A1E7A4F7556}") = "12.EvenNumber", "12.EvenNumber\12.EvenNumber.csproj", "{A9A0CD10-0280-420C-B860-706A7299B3AB}"
EndProject
Project("{9A19103F-16F7-4668-BE54-9A1E7A4F7556}") = "13.HolidaysBetweenTwoDays", "13.HolidaysBetweenTwoDays\13.HolidaysBetweenTwoDays.csproj", "{20A88BF8-82C5-4585-8E25-650443293305}"
EndProject
Project("{2150E333-8FDC-42A3-9474-1A3956D46DE8}") = "Exercise1 - BASIC SYNTAX, CONDITIONAL STATEMENTS AND LOOPS", "Exercise1 - BASIC SYNTAX, CONDITIONAL STATEMENTS AND LOOPS", "{916B75AA-6D09-4743-BC91-AB055031F0E5}"
EndProject
Project("{9A19103F-16F7-4668-BE54-9A1E7A4F7556}") = "01.Ages", "01.Ages\01.Ages.csproj", "{809B518B-00A6-41D6-B532-0FC72C748639}"
EndProject
Project("{9A19103F-16F7-4668-BE54-9A1E7A4F7556}") = "02.Division", "02.Division\02.Division.csproj", "{B8B6A7C0-D7F4-4789-A2A4-7CFA7E9C86A7}"
EndProject
Project("{9A19103F-16F7-4668-BE54-9A1E7A4F7556}") = "03.Vacation", "03.Vacation\03.Vacation.csproj", "{F7DFC6E3-87BE-43D6-87BC-22B44EF2324D}"
EndProject
Project("{9A19103F-16F7-4668-BE54-9A1E7A4F7556}") = "04.PrintAndSum", "04.PrintAndSum\04.PrintAndSum.csproj", "{9407907C-A7F9-4BDF-89A9-03DC6F0DA4E0}"
EndProject
Project("{9A19103F-16F7-4668-BE54-9A1E7A4F7556}") = "05.Login", "05.Login\05.Login.csproj", "{48B1ACFD-F25B-404A-9D20-01D13F9174F6}"
EndProject
Project("{FAE04EC0-301F-11D3-BF4B-00C04F79EFBC}") = "06.StrongNumber", "06.StrongNumber\06.StrongNumber.csproj", "{143CEA1D-9F00-4AEE-912A-047DBD69BA85}"
EndProject
Project("{FAE04EC0-301F-11D3-BF4B-00C04F79EFBC}") = "07.VendingMachine", "07.VendingMachine\07.VendingMachine.csproj", "{36CD962E-06FB-4D66-975E-18C2140270FD}"
EndProject
Global
	GlobalSection(SolutionConfigurationPlatforms) = preSolution
		Debug|Any CPU = Debug|Any CPU
		Release|Any CPU = Release|Any CPU
	EndGlobalSection
	GlobalSection(ProjectConfigurationPlatforms) = postSolution
		{E9069696-383A-4CFD-8A13-18A3B67653E1}.Debug|Any CPU.ActiveCfg = Debug|Any CPU
		{E9069696-383A-4CFD-8A13-18A3B67653E1}.Debug|Any CPU.Build.0 = Debug|Any CPU
		{E9069696-383A-4CFD-8A13-18A3B67653E1}.Release|Any CPU.ActiveCfg = Release|Any CPU
		{E9069696-383A-4CFD-8A13-18A3B67653E1}.Release|Any CPU.Build.0 = Release|Any CPU
		{D1D03A7F-DB7C-4713-9804-4E37BAB15839}.Debug|Any CPU.ActiveCfg = Debug|Any CPU
		{D1D03A7F-DB7C-4713-9804-4E37BAB15839}.Debug|Any CPU.Build.0 = Debug|Any CPU
		{D1D03A7F-DB7C-4713-9804-4E37BAB15839}.Release|Any CPU.ActiveCfg = Release|Any CPU
		{D1D03A7F-DB7C-4713-9804-4E37BAB15839}.Release|Any CPU.Build.0 = Release|Any CPU
		{2E584CF9-8AAD-4490-8A3B-C63E11FBF5F1}.Debug|Any CPU.ActiveCfg = Debug|Any CPU
		{2E584CF9-8AAD-4490-8A3B-C63E11FBF5F1}.Debug|Any CPU.Build.0 = Debug|Any CPU
		{2E584CF9-8AAD-4490-8A3B-C63E11FBF5F1}.Release|Any CPU.ActiveCfg = Release|Any CPU
		{2E584CF9-8AAD-4490-8A3B-C63E11FBF5F1}.Release|Any CPU.Build.0 = Release|Any CPU
		{638527F8-B7E7-4D9C-A804-9256F103F793}.Debug|Any CPU.ActiveCfg = Debug|Any CPU
		{638527F8-B7E7-4D9C-A804-9256F103F793}.Debug|Any CPU.Build.0 = Debug|Any CPU
		{638527F8-B7E7-4D9C-A804-9256F103F793}.Release|Any CPU.ActiveCfg = Release|Any CPU
		{638527F8-B7E7-4D9C-A804-9256F103F793}.Release|Any CPU.Build.0 = Release|Any CPU
		{A4EF2697-8CE1-4603-8231-C0DB04E0D655}.Debug|Any CPU.ActiveCfg = Debug|Any CPU
		{A4EF2697-8CE1-4603-8231-C0DB04E0D655}.Debug|Any CPU.Build.0 = Debug|Any CPU
		{A4EF2697-8CE1-4603-8231-C0DB04E0D655}.Release|Any CPU.ActiveCfg = Release|Any CPU
		{A4EF2697-8CE1-4603-8231-C0DB04E0D655}.Release|Any CPU.Build.0 = Release|Any CPU
		{31C0AB03-EF41-4BCD-AD0C-24A07567BB32}.Debug|Any CPU.ActiveCfg = Debug|Any CPU
		{31C0AB03-EF41-4BCD-AD0C-24A07567BB32}.Debug|Any CPU.Build.0 = Debug|Any CPU
		{31C0AB03-EF41-4BCD-AD0C-24A07567BB32}.Release|Any CPU.ActiveCfg = Release|Any CPU
		{31C0AB03-EF41-4BCD-AD0C-24A07567BB32}.Release|Any CPU.Build.0 = Release|Any CPU
		{3DCD8FC3-6B6B-4993-9512-F337365424FA}.Debug|Any CPU.ActiveCfg = Debug|Any CPU
		{3DCD8FC3-6B6B-4993-9512-F337365424FA}.Debug|Any CPU.Build.0 = Debug|Any CPU
		{3DCD8FC3-6B6B-4993-9512-F337365424FA}.Release|Any CPU.ActiveCfg = Release|Any CPU
		{3DCD8FC3-6B6B-4993-9512-F337365424FA}.Release|Any CPU.Build.0 = Release|Any CPU
		{D93F6518-963D-4BFD-968A-C80420EBE832}.Debug|Any CPU.ActiveCfg = Debug|Any CPU
		{D93F6518-963D-4BFD-968A-C80420EBE832}.Debug|Any CPU.Build.0 = Debug|Any CPU
		{D93F6518-963D-4BFD-968A-C80420EBE832}.Release|Any CPU.ActiveCfg = Release|Any CPU
		{D93F6518-963D-4BFD-968A-C80420EBE832}.Release|Any CPU.Build.0 = Release|Any CPU
		{E9780CC0-B031-4F6C-B571-DFB34D64F794}.Debug|Any CPU.ActiveCfg = Debug|Any CPU
		{E9780CC0-B031-4F6C-B571-DFB34D64F794}.Debug|Any CPU.Build.0 = Debug|Any CPU
		{E9780CC0-B031-4F6C-B571-DFB34D64F794}.Release|Any CPU.ActiveCfg = Release|Any CPU
		{E9780CC0-B031-4F6C-B571-DFB34D64F794}.Release|Any CPU.Build.0 = Release|Any CPU
		{29E07BBC-116E-41EE-B22A-4E1CC53501BD}.Debug|Any CPU.ActiveCfg = Debug|Any CPU
		{29E07BBC-116E-41EE-B22A-4E1CC53501BD}.Debug|Any CPU.Build.0 = Debug|Any CPU
		{29E07BBC-116E-41EE-B22A-4E1CC53501BD}.Release|Any CPU.ActiveCfg = Release|Any CPU
		{29E07BBC-116E-41EE-B22A-4E1CC53501BD}.Release|Any CPU.Build.0 = Release|Any CPU
		{DF5C8DA4-F2B4-4334-97AC-E0B2AA3CFAB0}.Debug|Any CPU.ActiveCfg = Debug|Any CPU
		{DF5C8DA4-F2B4-4334-97AC-E0B2AA3CFAB0}.Debug|Any CPU.Build.0 = Debug|Any CPU
		{DF5C8DA4-F2B4-4334-97AC-E0B2AA3CFAB0}.Release|Any CPU.ActiveCfg = Release|Any CPU
		{DF5C8DA4-F2B4-4334-97AC-E0B2AA3CFAB0}.Release|Any CPU.Build.0 = Release|Any CPU
		{5472769C-E9A2-4B6E-BB27-B2C8E3389651}.Debug|Any CPU.ActiveCfg = Debug|Any CPU
		{5472769C-E9A2-4B6E-BB27-B2C8E3389651}.Debug|Any CPU.Build.0 = Debug|Any CPU
		{5472769C-E9A2-4B6E-BB27-B2C8E3389651}.Release|Any CPU.ActiveCfg = Release|Any CPU
		{5472769C-E9A2-4B6E-BB27-B2C8E3389651}.Release|Any CPU.Build.0 = Release|Any CPU
		{A9A0CD10-0280-420C-B860-706A7299B3AB}.Debug|Any CPU.ActiveCfg = Debug|Any CPU
		{A9A0CD10-0280-420C-B860-706A7299B3AB}.Debug|Any CPU.Build.0 = Debug|Any CPU
		{A9A0CD10-0280-420C-B860-706A7299B3AB}.Release|Any CPU.ActiveCfg = Release|Any CPU
		{A9A0CD10-0280-420C-B860-706A7299B3AB}.Release|Any CPU.Build.0 = Release|Any CPU
		{20A88BF8-82C5-4585-8E25-650443293305}.Debug|Any CPU.ActiveCfg = Debug|Any CPU
		{20A88BF8-82C5-4585-8E25-650443293305}.Debug|Any CPU.Build.0 = Debug|Any CPU
		{20A88BF8-82C5-4585-8E25-650443293305}.Release|Any CPU.ActiveCfg = Release|Any CPU
		{20A88BF8-82C5-4585-8E25-650443293305}.Release|Any CPU.Build.0 = Release|Any CPU
		{809B518B-00A6-41D6-B532-0FC72C748639}.Debug|Any CPU.ActiveCfg = Debug|Any CPU
		{809B518B-00A6-41D6-B532-0FC72C748639}.Debug|Any CPU.Build.0 = Debug|Any CPU
		{809B518B-00A6-41D6-B532-0FC72C748639}.Release|Any CPU.ActiveCfg = Release|Any CPU
		{809B518B-00A6-41D6-B532-0FC72C748639}.Release|Any CPU.Build.0 = Release|Any CPU
		{B8B6A7C0-D7F4-4789-A2A4-7CFA7E9C86A7}.Debug|Any CPU.ActiveCfg = Debug|Any CPU
		{B8B6A7C0-D7F4-4789-A2A4-7CFA7E9C86A7}.Debug|Any CPU.Build.0 = Debug|Any CPU
		{B8B6A7C0-D7F4-4789-A2A4-7CFA7E9C86A7}.Release|Any CPU.ActiveCfg = Release|Any CPU
		{B8B6A7C0-D7F4-4789-A2A4-7CFA7E9C86A7}.Release|Any CPU.Build.0 = Release|Any CPU
		{F7DFC6E3-87BE-43D6-87BC-22B44EF2324D}.Debug|Any CPU.ActiveCfg = Debug|Any CPU
		{F7DFC6E3-87BE-43D6-87BC-22B44EF2324D}.Debug|Any CPU.Build.0 = Debug|Any CPU
		{F7DFC6E3-87BE-43D6-87BC-22B44EF2324D}.Release|Any CPU.ActiveCfg = Release|Any CPU
		{F7DFC6E3-87BE-43D6-87BC-22B44EF2324D}.Release|Any CPU.Build.0 = Release|Any CPU
		{9407907C-A7F9-4BDF-89A9-03DC6F0DA4E0}.Debug|Any CPU.ActiveCfg = Debug|Any CPU
		{9407907C-A7F9-4BDF-89A9-03DC6F0DA4E0}.Debug|Any CPU.Build.0 = Debug|Any CPU
		{9407907C-A7F9-4BDF-89A9-03DC6F0DA4E0}.Release|Any CPU.ActiveCfg = Release|Any CPU
		{9407907C-A7F9-4BDF-89A9-03DC6F0DA4E0}.Release|Any CPU.Build.0 = Release|Any CPU
		{48B1ACFD-F25B-404A-9D20-01D13F9174F6}.Debug|Any CPU.ActiveCfg = Debug|Any CPU
		{48B1ACFD-F25B-404A-9D20-01D13F9174F6}.Debug|Any CPU.Build.0 = Debug|Any CPU
		{48B1ACFD-F25B-404A-9D20-01D13F9174F6}.Release|Any CPU.ActiveCfg = Release|Any CPU
		{48B1ACFD-F25B-404A-9D20-01D13F9174F6}.Release|Any CPU.Build.0 = Release|Any CPU
		{143CEA1D-9F00-4AEE-912A-047DBD69BA85}.Debug|Any CPU.ActiveCfg = Debug|Any CPU
		{143CEA1D-9F00-4AEE-912A-047DBD69BA85}.Debug|Any CPU.Build.0 = Debug|Any CPU
		{143CEA1D-9F00-4AEE-912A-047DBD69BA85}.Release|Any CPU.ActiveCfg = Release|Any CPU
		{143CEA1D-9F00-4AEE-912A-047DBD69BA85}.Release|Any CPU.Build.0 = Release|Any CPU
		{36CD962E-06FB-4D66-975E-18C2140270FD}.Debug|Any CPU.ActiveCfg = Debug|Any CPU
		{36CD962E-06FB-4D66-975E-18C2140270FD}.Debug|Any CPU.Build.0 = Debug|Any CPU
		{36CD962E-06FB-4D66-975E-18C2140270FD}.Release|Any CPU.ActiveCfg = Release|Any CPU
		{36CD962E-06FB-4D66-975E-18C2140270FD}.Release|Any CPU.Build.0 = Release|Any CPU
	EndGlobalSection
	GlobalSection(SolutionProperties) = preSolution
		HideSolutionNode = FALSE
	EndGlobalSection
	GlobalSection(NestedProjects) = preSolution
		{D1D03A7F-DB7C-4713-9804-4E37BAB15839} = {42D6BA6B-E0A4-4718-8AB4-2239CB3E92EC}
		{2E584CF9-8AAD-4490-8A3B-C63E11FBF5F1} = {42D6BA6B-E0A4-4718-8AB4-2239CB3E92EC}
		{638527F8-B7E7-4D9C-A804-9256F103F793} = {42D6BA6B-E0A4-4718-8AB4-2239CB3E92EC}
		{A4EF2697-8CE1-4603-8231-C0DB04E0D655} = {42D6BA6B-E0A4-4718-8AB4-2239CB3E92EC}
		{31C0AB03-EF41-4BCD-AD0C-24A07567BB32} = {42D6BA6B-E0A4-4718-8AB4-2239CB3E92EC}
		{3DCD8FC3-6B6B-4993-9512-F337365424FA} = {42D6BA6B-E0A4-4718-8AB4-2239CB3E92EC}
		{D93F6518-963D-4BFD-968A-C80420EBE832} = {42D6BA6B-E0A4-4718-8AB4-2239CB3E92EC}
		{E9780CC0-B031-4F6C-B571-DFB34D64F794} = {42D6BA6B-E0A4-4718-8AB4-2239CB3E92EC}
		{29E07BBC-116E-41EE-B22A-4E1CC53501BD} = {42D6BA6B-E0A4-4718-8AB4-2239CB3E92EC}
		{DF5C8DA4-F2B4-4334-97AC-E0B2AA3CFAB0} = {42D6BA6B-E0A4-4718-8AB4-2239CB3E92EC}
		{5472769C-E9A2-4B6E-BB27-B2C8E3389651} = {42D6BA6B-E0A4-4718-8AB4-2239CB3E92EC}
		{A9A0CD10-0280-420C-B860-706A7299B3AB} = {42D6BA6B-E0A4-4718-8AB4-2239CB3E92EC}
		{20A88BF8-82C5-4585-8E25-650443293305} = {42D6BA6B-E0A4-4718-8AB4-2239CB3E92EC}
		{809B518B-00A6-41D6-B532-0FC72C748639} = {916B75AA-6D09-4743-BC91-AB055031F0E5}
		{B8B6A7C0-D7F4-4789-A2A4-7CFA7E9C86A7} = {916B75AA-6D09-4743-BC91-AB055031F0E5}
		{F7DFC6E3-87BE-43D6-87BC-22B44EF2324D} = {916B75AA-6D09-4743-BC91-AB055031F0E5}
		{9407907C-A7F9-4BDF-89A9-03DC6F0DA4E0} = {916B75AA-6D09-4743-BC91-AB055031F0E5}
		{48B1ACFD-F25B-404A-9D20-01D13F9174F6} = {916B75AA-6D09-4743-BC91-AB055031F0E5}
		{143CEA1D-9F00-4AEE-912A-047DBD69BA85} = {916B75AA-6D09-4743-BC91-AB055031F0E5}
	EndGlobalSection
	GlobalSection(ExtensibilityGlobals) = postSolution
		SolutionGuid = {378589CC-44DB-45F6-A934-EABB352FE234}
	EndGlobalSection
EndGlobal
